
Microsoft Visual Studio Solution File, Format Version 12.00
# Visual Studio 2013
VisualStudioVersion = 12.0.21005.1
MinimumVisualStudioVersion = 10.0.40219.1
Project("{FAE04EC0-301F-11D3-BF4B-00C04F79EFBC}") = "MediaHandleConsole", "MediaHandleConsole\MediaHandleConsole.csproj", "{DE9ABED8-52FF-45F8-B754-306A7C32F5B5}"
EndProject
Project("{FAE04EC0-301F-11D3-BF4B-00C04F79EFBC}") = "Utilities", "Utilities\Utilities\Utilities.csproj", "{5DD639E9-3322-45E4-8FF1-2C1746BD915A}"
EndProject
Project("{FAE04EC0-301F-11D3-BF4B-00C04F79EFBC}") = "MovieInfoRetrieval", "MovieInfoRetrieval\MovieInfoRetrieval\MovieInfoRetrieval.csproj", "{F3D043CF-5ED9-425E-B327-B807821A6AB6}"
EndProject
Global
	GlobalSection(TeamFoundationVersionControl) = preSolution
		SccNumberOfProjects = 4
		SccEnterpriseProvider = {4CA58AB2-18FA-4F8D-95D4-32DDF27D184C}
		SccTeamFoundationServer = https://tylerwal.visualstudio.com/defaultcollection
		SccLocalPath0 = .
		SccProjectUniqueName1 = MediaHandleConsole\\MediaHandleConsole.csproj
		SccProjectName1 = MediaHandleConsole
		SccLocalPath1 = MediaHandleConsole
		SccProjectUniqueName2 = Utilities\\Utilities\\Utilities.csproj
		SccProjectName2 = Utilities/Utilities
		SccLocalPath2 = Utilities\\Utilities
		SccProjectUniqueName3 = MovieInfoRetrieval\\MovieInfoRetrieval\\MovieInfoRetrieval.csproj
		SccProjectName3 = MovieInfoRetrieval/MovieInfoRetrieval
		SccLocalPath3 = MovieInfoRetrieval\\MovieInfoRetrieval
	EndGlobalSection
	GlobalSection(SolutionConfigurationPlatforms) = preSolution
		Debug|Any CPU = Debug|Any CPU
		Release|Any CPU = Release|Any CPU
	EndGlobalSection
	GlobalSection(ProjectConfigurationPlatforms) = postSolution
		{DE9ABED8-52FF-45F8-B754-306A7C32F5B5}.Debug|Any CPU.ActiveCfg = Debug|Any CPU
		{DE9ABED8-52FF-45F8-B754-306A7C32F5B5}.Debug|Any CPU.Build.0 = Debug|Any CPU
		{DE9ABED8-52FF-45F8-B754-306A7C32F5B5}.Release|Any CPU.ActiveCfg = Release|Any CPU
		{DE9ABED8-52FF-45F8-B754-306A7C32F5B5}.Release|Any CPU.Build.0 = Release|Any CPU
		{5DD639E9-3322-45E4-8FF1-2C1746BD915A}.Debug|Any CPU.ActiveCfg = Debug|Any CPU
		{5DD639E9-3322-45E4-8FF1-2C1746BD915A}.Debug|Any CPU.Build.0 = Debug|Any CPU
		{5DD639E9-3322-45E4-8FF1-2C1746BD915A}.Release|Any CPU.ActiveCfg = Release|Any CPU
		{5DD639E9-3322-45E4-8FF1-2C1746BD915A}.Release|Any CPU.Build.0 = Release|Any CPU
		{F3D043CF-5ED9-425E-B327-B807821A6AB6}.Debug|Any CPU.ActiveCfg = Debug|Any CPU
		{F3D043CF-5ED9-425E-B327-B807821A6AB6}.Debug|Any CPU.Build.0 = Debug|Any CPU
		{F3D043CF-5ED9-425E-B327-B807821A6AB6}.Release|Any CPU.ActiveCfg = Release|Any CPU
		{F3D043CF-5ED9-425E-B327-B807821A6AB6}.Release|Any CPU.Build.0 = Release|Any CPU
	EndGlobalSection
	GlobalSection(SolutionProperties) = preSolution
		HideSolutionNode = FALSE
	EndGlobalSection
EndGlobal
