
Microsoft Visual Studio Solution File, Format Version 12.00
# Visual Studio 2013
VisualStudioVersion = 12.0.30110.0
MinimumVisualStudioVersion = 10.0.40219.1
Project("{FAE04EC0-301F-11D3-BF4B-00C04F79EFBC}") = "MediaHandleConsole", "MediaHandleConsole\MediaHandleConsole.csproj", "{DE9ABED8-52FF-45F8-B754-306A7C32F5B5}"
EndProject
Project("{FAE04EC0-301F-11D3-BF4B-00C04F79EFBC}") = "MediaHandleUtilities", "MediaHandleUtilities\MediaHandleUtilities\MediaHandleUtilities.csproj", "{73F0D388-A089-4C9D-8E3B-4098271E505D}"
EndProject
Project("{FAE04EC0-301F-11D3-BF4B-00C04F79EFBC}") = "MediaHandleDomain", "MediaHandleDomain\MediaHandleDomain\MediaHandleDomain.csproj", "{A43F69B2-B28D-4186-9A50-5BCCA2DA1390}"
EndProject
Project("{FAE04EC0-301F-11D3-BF4B-00C04F79EFBC}") = "FileProcessing", "MovieSearch\FileProcessing\FileProcessing.csproj", "{87FA7D4B-8E8E-4F3C-B4B7-51FF6EE61E32}"
EndProject
Project("{FAE04EC0-301F-11D3-BF4B-00C04F79EFBC}") = "MediaHandleUtilities.Test", "MediaHandleUtilities.Test\MediaHandleUtilities.Test\MediaHandleUtilities.Test.csproj", "{C3DDE97A-9AB7-4469-8F59-3DBC5A518401}"
EndProject
Project("{FAE04EC0-301F-11D3-BF4B-00C04F79EFBC}") = "SearchProcessing", "SearchProcessing\SearchProcessing\SearchProcessing.csproj", "{00FF18B8-4357-4791-865E-2518039824CC}"
EndProject
Project("{FAE04EC0-301F-11D3-BF4B-00C04F79EFBC}") = "FileProcessing.Test", "FileProcessing.Test\FileProcessing.Test\FileProcessing.Test.csproj", "{FDD731D7-44E8-49C6-8AAB-5F8F6E5069FC}"
EndProject
Project("{2150E333-8FDC-42A3-9474-1A3956D46DE8}") = "Solution Items", "Solution Items", "{DDEA22B9-E91E-4FC2-9DF6-E27A9478388F}"
	ProjectSection(SolutionItems) = preProject
		CookComputing.XmlRpcV2.dll = CookComputing.XmlRpcV2.dll
		Coverage.runsettings = Coverage.runsettings
	EndProjectSection
EndProject
Project("{FAE04EC0-301F-11D3-BF4B-00C04F79EFBC}") = "SearchProcessing.Test", "SearchProcessing.Test\SearchProcessing.Test\SearchProcessing.Test.csproj", "{800AC89B-1CAA-4253-93F9-2F3E7B1CDB93}"
EndProject
Project("{2150E333-8FDC-42A3-9474-1A3956D46DE8}") = "FileProcessing", "FileProcessing", "{D6B8DF17-36CE-470F-9EC5-116C658DE972}"
EndProject
Project("{2150E333-8FDC-42A3-9474-1A3956D46DE8}") = "MediaHandleUtilities", "MediaHandleUtilities", "{899B38B9-28F8-41F1-BBBC-C615D23A86C4}"
EndProject
Project("{2150E333-8FDC-42A3-9474-1A3956D46DE8}") = "SearchProcessing", "SearchProcessing", "{7FEF7D5F-6154-4B98-AFAD-6018B25ECA5A}"
EndProject
Project("{FAE04EC0-301F-11D3-BF4B-00C04F79EFBC}") = "MediaHandleDomainTest", "MediaHandleDomainTest\MediaHandleDomainTest\MediaHandleDomainTest.csproj", "{106F427F-610F-4A65-9A3A-69902928BEC7}"
EndProject
Project("{2150E333-8FDC-42A3-9474-1A3956D46DE8}") = "SystemWrapper", "SystemWrapper", "{6BF98AE3-0AED-4F1B-B338-E482DD4348F9}"
EndProject
Project("{FAE04EC0-301F-11D3-BF4B-00C04F79EFBC}") = "SystemWrapper", "SystemWrapper\SystemWrapper\SystemWrapper.csproj", "{B8DEECE0-6074-47C2-9AF4-123EE324D212}"
EndProject
Project("{FAE04EC0-301F-11D3-BF4B-00C04F79EFBC}") = "SystemInterface", "SystemWrapper\SystemInterface\SystemInterface.csproj", "{6634E69D-1B08-4D6B-8C2F-5F88EBDE53B4}"
EndProject
Project("{FAE04EC0-301F-11D3-BF4B-00C04F79EFBC}") = "FileProcessing.UnitTestUtilities", "FileProcessingUnitTestUtilities\FileProcessing.UnitTestUtilities.csproj", "{653C3C4B-6FFA-466D-83F1-CA3510D74507}"
EndProject
Global
	GlobalSection(TeamFoundationVersionControl) = preSolution
		SccNumberOfProjects = 13
		SccEnterpriseProvider = {4CA58AB2-18FA-4F8D-95D4-32DDF27D184C}
		SccTeamFoundationServer = https://tylerwal.visualstudio.com/defaultcollection
		SccLocalPath0 = .
		SccProjectUniqueName1 = MediaHandleConsole\\MediaHandleConsole.csproj
		SccProjectName1 = MediaHandleConsole
		SccLocalPath1 = MediaHandleConsole
		SccProjectUniqueName2 = MediaHandleUtilities\\MediaHandleUtilities\\MediaHandleUtilities.csproj
		SccProjectTopLevelParentUniqueName2 = MediaHandle.sln
		SccProjectName2 = MediaHandleUtilities/MediaHandleUtilities
		SccLocalPath2 = MediaHandleUtilities\\MediaHandleUtilities
		SccProjectUniqueName3 = MediaHandleDomain\\MediaHandleDomain\\MediaHandleDomain.csproj
		SccProjectName3 = MediaHandleDomain/MediaHandleDomain
		SccLocalPath3 = MediaHandleDomain\\MediaHandleDomain
		SccProjectUniqueName4 = MovieSearch\\FileProcessing\\FileProcessing.csproj
		SccProjectTopLevelParentUniqueName4 = MediaHandle.sln
		SccProjectName4 = MovieSearch/FileProcessing
		SccLocalPath4 = MovieSearch\\FileProcessing
		SccProjectUniqueName5 = MediaHandleUtilities.Test\\MediaHandleUtilities.Test\\MediaHandleUtilities.Test.csproj
		SccProjectTopLevelParentUniqueName5 = MediaHandle.sln
		SccProjectName5 = MediaHandleUtilities.Test/MediaHandleUtilities.Test
		SccLocalPath5 = MediaHandleUtilities.Test\\MediaHandleUtilities.Test
		SccProjectUniqueName6 = SearchProcessing\\SearchProcessing\\SearchProcessing.csproj
		SccProjectTopLevelParentUniqueName6 = MediaHandle.sln
		SccProjectName6 = SearchProcessing/SearchProcessing
		SccLocalPath6 = SearchProcessing\\SearchProcessing
		SccProjectUniqueName7 = FileProcessing.Test\\FileProcessing.Test\\FileProcessing.Test.csproj
		SccProjectTopLevelParentUniqueName7 = MediaHandle.sln
		SccProjectName7 = FileProcessing.Test/FileProcessing.Test
		SccLocalPath7 = FileProcessing.Test\\FileProcessing.Test
		SccProjectUniqueName8 = SearchProcessing.Test\\SearchProcessing.Test\\SearchProcessing.Test.csproj
		SccProjectTopLevelParentUniqueName8 = MediaHandle.sln
		SccProjectName8 = SearchProcessing.Test/SearchProcessing.Test
		SccLocalPath8 = SearchProcessing.Test\\SearchProcessing.Test
		SccProjectUniqueName9 = MediaHandleDomainTest\\MediaHandleDomainTest\\MediaHandleDomainTest.csproj
		SccProjectName9 = MediaHandleDomainTest/MediaHandleDomainTest
		SccLocalPath9 = MediaHandleDomainTest\\MediaHandleDomainTest
		SccProjectUniqueName10 = SystemWrapper\\SystemWrapper\\SystemWrapper.csproj
		SccProjectTopLevelParentUniqueName10 = MediaHandle.sln
		SccProjectName10 = SystemWrapper/SystemWrapper
		SccLocalPath10 = SystemWrapper\\SystemWrapper
		SccProjectUniqueName11 = SystemWrapper\\SystemInterface\\SystemInterface.csproj
		SccProjectTopLevelParentUniqueName11 = MediaHandle.sln
		SccProjectName11 = SystemWrapper/SystemInterface
		SccLocalPath11 = SystemWrapper\\SystemInterface
		SccProjectUniqueName12 = FileProcessingUnitTestUtilities\\FileProcessing.UnitTestUtilities.csproj
		SccProjectTopLevelParentUniqueName12 = MediaHandle.sln
		SccProjectName12 = FileProcessingUnitTestUtilities
		SccLocalPath12 = FileProcessingUnitTestUtilities
	EndGlobalSection
	GlobalSection(SolutionConfigurationPlatforms) = preSolution
		Debug|Any CPU = Debug|Any CPU
		Release|Any CPU = Release|Any CPU
	EndGlobalSection
	GlobalSection(ProjectConfigurationPlatforms) = postSolution
		{DE9ABED8-52FF-45F8-B754-306A7C32F5B5}.Debug|Any CPU.ActiveCfg = Debug|Any CPU
		{DE9ABED8-52FF-45F8-B754-306A7C32F5B5}.Debug|Any CPU.Build.0 = Debug|Any CPU
		{DE9ABED8-52FF-45F8-B754-306A7C32F5B5}.Release|Any CPU.ActiveCfg = Release|Any CPU
		{DE9ABED8-52FF-45F8-B754-306A7C32F5B5}.Release|Any CPU.Build.0 = Release|Any CPU
		{73F0D388-A089-4C9D-8E3B-4098271E505D}.Debug|Any CPU.ActiveCfg = Debug|Any CPU
		{73F0D388-A089-4C9D-8E3B-4098271E505D}.Debug|Any CPU.Build.0 = Debug|Any CPU
		{73F0D388-A089-4C9D-8E3B-4098271E505D}.Release|Any CPU.ActiveCfg = Release|Any CPU
		{73F0D388-A089-4C9D-8E3B-4098271E505D}.Release|Any CPU.Build.0 = Release|Any CPU
		{A43F69B2-B28D-4186-9A50-5BCCA2DA1390}.Debug|Any CPU.ActiveCfg = Debug|Any CPU
		{A43F69B2-B28D-4186-9A50-5BCCA2DA1390}.Debug|Any CPU.Build.0 = Debug|Any CPU
		{A43F69B2-B28D-4186-9A50-5BCCA2DA1390}.Release|Any CPU.ActiveCfg = Release|Any CPU
		{A43F69B2-B28D-4186-9A50-5BCCA2DA1390}.Release|Any CPU.Build.0 = Release|Any CPU
		{87FA7D4B-8E8E-4F3C-B4B7-51FF6EE61E32}.Debug|Any CPU.ActiveCfg = Debug|Any CPU
		{87FA7D4B-8E8E-4F3C-B4B7-51FF6EE61E32}.Debug|Any CPU.Build.0 = Debug|Any CPU
		{87FA7D4B-8E8E-4F3C-B4B7-51FF6EE61E32}.Release|Any CPU.ActiveCfg = Release|Any CPU
		{87FA7D4B-8E8E-4F3C-B4B7-51FF6EE61E32}.Release|Any CPU.Build.0 = Release|Any CPU
		{C3DDE97A-9AB7-4469-8F59-3DBC5A518401}.Debug|Any CPU.ActiveCfg = Debug|Any CPU
		{C3DDE97A-9AB7-4469-8F59-3DBC5A518401}.Debug|Any CPU.Build.0 = Debug|Any CPU
		{C3DDE97A-9AB7-4469-8F59-3DBC5A518401}.Release|Any CPU.ActiveCfg = Release|Any CPU
		{C3DDE97A-9AB7-4469-8F59-3DBC5A518401}.Release|Any CPU.Build.0 = Release|Any CPU
		{00FF18B8-4357-4791-865E-2518039824CC}.Debug|Any CPU.ActiveCfg = Debug|Any CPU
		{00FF18B8-4357-4791-865E-2518039824CC}.Debug|Any CPU.Build.0 = Debug|Any CPU
		{00FF18B8-4357-4791-865E-2518039824CC}.Release|Any CPU.ActiveCfg = Release|Any CPU
		{00FF18B8-4357-4791-865E-2518039824CC}.Release|Any CPU.Build.0 = Release|Any CPU
		{FDD731D7-44E8-49C6-8AAB-5F8F6E5069FC}.Debug|Any CPU.ActiveCfg = Debug|Any CPU
		{FDD731D7-44E8-49C6-8AAB-5F8F6E5069FC}.Debug|Any CPU.Build.0 = Debug|Any CPU
		{FDD731D7-44E8-49C6-8AAB-5F8F6E5069FC}.Release|Any CPU.ActiveCfg = Release|Any CPU
		{FDD731D7-44E8-49C6-8AAB-5F8F6E5069FC}.Release|Any CPU.Build.0 = Release|Any CPU
		{800AC89B-1CAA-4253-93F9-2F3E7B1CDB93}.Debug|Any CPU.ActiveCfg = Debug|Any CPU
		{800AC89B-1CAA-4253-93F9-2F3E7B1CDB93}.Debug|Any CPU.Build.0 = Debug|Any CPU
		{800AC89B-1CAA-4253-93F9-2F3E7B1CDB93}.Release|Any CPU.ActiveCfg = Release|Any CPU
		{800AC89B-1CAA-4253-93F9-2F3E7B1CDB93}.Release|Any CPU.Build.0 = Release|Any CPU
		{106F427F-610F-4A65-9A3A-69902928BEC7}.Debug|Any CPU.ActiveCfg = Debug|Any CPU
		{106F427F-610F-4A65-9A3A-69902928BEC7}.Debug|Any CPU.Build.0 = Debug|Any CPU
		{106F427F-610F-4A65-9A3A-69902928BEC7}.Release|Any CPU.ActiveCfg = Release|Any CPU
		{106F427F-610F-4A65-9A3A-69902928BEC7}.Release|Any CPU.Build.0 = Release|Any CPU
		{B8DEECE0-6074-47C2-9AF4-123EE324D212}.Debug|Any CPU.ActiveCfg = Debug|Any CPU
		{B8DEECE0-6074-47C2-9AF4-123EE324D212}.Debug|Any CPU.Build.0 = Debug|Any CPU
		{B8DEECE0-6074-47C2-9AF4-123EE324D212}.Release|Any CPU.ActiveCfg = Release|Any CPU
		{B8DEECE0-6074-47C2-9AF4-123EE324D212}.Release|Any CPU.Build.0 = Release|Any CPU
		{6634E69D-1B08-4D6B-8C2F-5F88EBDE53B4}.Debug|Any CPU.ActiveCfg = Debug|Any CPU
		{6634E69D-1B08-4D6B-8C2F-5F88EBDE53B4}.Debug|Any CPU.Build.0 = Debug|Any CPU
		{6634E69D-1B08-4D6B-8C2F-5F88EBDE53B4}.Release|Any CPU.ActiveCfg = Release|Any CPU
		{6634E69D-1B08-4D6B-8C2F-5F88EBDE53B4}.Release|Any CPU.Build.0 = Release|Any CPU
		{653C3C4B-6FFA-466D-83F1-CA3510D74507}.Debug|Any CPU.ActiveCfg = Debug|Any CPU
		{653C3C4B-6FFA-466D-83F1-CA3510D74507}.Debug|Any CPU.Build.0 = Debug|Any CPU
		{653C3C4B-6FFA-466D-83F1-CA3510D74507}.Release|Any CPU.ActiveCfg = Release|Any CPU
		{653C3C4B-6FFA-466D-83F1-CA3510D74507}.Release|Any CPU.Build.0 = Release|Any CPU
	EndGlobalSection
	GlobalSection(SolutionProperties) = preSolution
		HideSolutionNode = FALSE
	EndGlobalSection
	GlobalSection(NestedProjects) = preSolution
		{C3DDE97A-9AB7-4469-8F59-3DBC5A518401} = {899B38B9-28F8-41F1-BBBC-C615D23A86C4}
		{73F0D388-A089-4C9D-8E3B-4098271E505D} = {899B38B9-28F8-41F1-BBBC-C615D23A86C4}
		{FDD731D7-44E8-49C6-8AAB-5F8F6E5069FC} = {D6B8DF17-36CE-470F-9EC5-116C658DE972}
		{87FA7D4B-8E8E-4F3C-B4B7-51FF6EE61E32} = {D6B8DF17-36CE-470F-9EC5-116C658DE972}
		{653C3C4B-6FFA-466D-83F1-CA3510D74507} = {D6B8DF17-36CE-470F-9EC5-116C658DE972}
		{800AC89B-1CAA-4253-93F9-2F3E7B1CDB93} = {7FEF7D5F-6154-4B98-AFAD-6018B25ECA5A}
		{00FF18B8-4357-4791-865E-2518039824CC} = {7FEF7D5F-6154-4B98-AFAD-6018B25ECA5A}
		{B8DEECE0-6074-47C2-9AF4-123EE324D212} = {6BF98AE3-0AED-4F1B-B338-E482DD4348F9}
		{6634E69D-1B08-4D6B-8C2F-5F88EBDE53B4} = {6BF98AE3-0AED-4F1B-B338-E482DD4348F9}
	EndGlobalSection
EndGlobal
