
Microsoft Visual Studio Solution File, Format Version 12.00
# Visual Studio 2013
VisualStudioVersion = 12.0.30110.0
MinimumVisualStudioVersion = 10.0.40219.1
Project("{FAE04EC0-301F-11D3-BF4B-00C04F79EFBC}") = "MediaHandleConsole", "MediaHandleConsole\MediaHandleConsole.csproj", "{DE9ABED8-52FF-45F8-B754-306A7C32F5B5}"
EndProject
Project("{FAE04EC0-301F-11D3-BF4B-00C04F79EFBC}") = "MediaHandleUtilities", "MediaHandleUtilities\MediaHandleUtilities\MediaHandleUtilities.csproj", "{73F0D388-A089-4C9D-8E3B-4098271E505D}"
EndProject
Project("{FAE04EC0-301F-11D3-BF4B-00C04F79EFBC}") = "MediaHandleDomain", "MediaHandleDomain\MediaHandleDomain\MediaHandleDomain.csproj", "{A43F69B2-B28D-4186-9A50-5BCCA2DA1390}"
EndProject
Project("{FAE04EC0-301F-11D3-BF4B-00C04F79EFBC}") = "FileProcessing", "MovieSearch\FileProcessing\FileProcessing.csproj", "{87FA7D4B-8E8E-4F3C-B4B7-51FF6EE61E32}"
EndProject
Project("{FAE04EC0-301F-11D3-BF4B-00C04F79EFBC}") = "MediaHandleUtilities.Test", "MediaHandleUtilities.Test\MediaHandleUtilities.Test\MediaHandleUtilities.Test.csproj", "{C3DDE97A-9AB7-4469-8F59-3DBC5A518401}"
EndProject
Project("{FAE04EC0-301F-11D3-BF4B-00C04F79EFBC}") = "SearchProcessing", "SearchProcessing\SearchProcessing\SearchProcessing.csproj", "{00FF18B8-4357-4791-865E-2518039824CC}"
EndProject
Project("{FAE04EC0-301F-11D3-BF4B-00C04F79EFBC}") = "FileProcessing.Test", "FileProcessing.Test\FileProcessing.Test\FileProcessing.Test.csproj", "{FDD731D7-44E8-49C6-8AAB-5F8F6E5069FC}"
EndProject
Project("{2150E333-8FDC-42A3-9474-1A3956D46DE8}") = "Solution Items", "Solution Items", "{DDEA22B9-E91E-4FC2-9DF6-E27A9478388F}"
	ProjectSection(SolutionItems) = preProject
		CookComputing.XmlRpcV2.dll = CookComputing.XmlRpcV2.dll
	EndProjectSection
EndProject
Project("{FAE04EC0-301F-11D3-BF4B-00C04F79EFBC}") = "SearchProcessing.Test", "SearchProcessing.Test\SearchProcessing.Test\SearchProcessing.Test.csproj", "{800AC89B-1CAA-4253-93F9-2F3E7B1CDB93}"
EndProject
Global
	GlobalSection(TeamFoundationVersionControl) = preSolution
		SccNumberOfProjects = 9
		SccEnterpriseProvider = {4CA58AB2-18FA-4F8D-95D4-32DDF27D184C}
		SccTeamFoundationServer = https://tylerwal.visualstudio.com/defaultcollection
		SccLocalPath0 = .
		SccProjectUniqueName1 = MediaHandleConsole\\MediaHandleConsole.csproj
		SccProjectName1 = MediaHandleConsole
		SccLocalPath1 = MediaHandleConsole
		SccProjectUniqueName2 = MediaHandleUtilities\\MediaHandleUtilities\\MediaHandleUtilities.csproj
		SccProjectName2 = MediaHandleUtilities/MediaHandleUtilities
		SccLocalPath2 = MediaHandleUtilities\\MediaHandleUtilities
		SccProjectUniqueName3 = MediaHandleDomain\\MediaHandleDomain\\MediaHandleDomain.csproj
		SccProjectName3 = MediaHandleDomain/MediaHandleDomain
		SccLocalPath3 = MediaHandleDomain\\MediaHandleDomain
		SccProjectUniqueName4 = MovieSearch\\FileProcessing\\FileProcessing.csproj
		SccProjectName4 = MovieSearch/FileProcessing
		SccLocalPath4 = MovieSearch\\FileProcessing
		SccProjectUniqueName5 = MediaHandleUtilities.Test\\MediaHandleUtilities.Test\\MediaHandleUtilities.Test.csproj
		SccProjectName5 = MediaHandleUtilities.Test/MediaHandleUtilities.Test
		SccLocalPath5 = MediaHandleUtilities.Test\\MediaHandleUtilities.Test
		SccProjectUniqueName6 = SearchProcessing\\SearchProcessing\\SearchProcessing.csproj
		SccProjectName6 = SearchProcessing/SearchProcessing
		SccLocalPath6 = SearchProcessing\\SearchProcessing
		SccProjectUniqueName7 = FileProcessing.Test\\FileProcessing.Test\\FileProcessing.Test.csproj
		SccProjectName7 = FileProcessing.Test/FileProcessing.Test
		SccLocalPath7 = FileProcessing.Test\\FileProcessing.Test
		SccProjectUniqueName8 = SearchProcessing.Test\\SearchProcessing.Test\\SearchProcessing.Test.csproj
		SccProjectName8 = SearchProcessing.Test/SearchProcessing.Test
		SccLocalPath8 = SearchProcessing.Test\\SearchProcessing.Test
	EndGlobalSection
	GlobalSection(SolutionConfigurationPlatforms) = preSolution
		Debug|Any CPU = Debug|Any CPU
		Release|Any CPU = Release|Any CPU
	EndGlobalSection
	GlobalSection(ProjectConfigurationPlatforms) = postSolution
		{DE9ABED8-52FF-45F8-B754-306A7C32F5B5}.Debug|Any CPU.ActiveCfg = Debug|Any CPU
		{DE9ABED8-52FF-45F8-B754-306A7C32F5B5}.Debug|Any CPU.Build.0 = Debug|Any CPU
		{DE9ABED8-52FF-45F8-B754-306A7C32F5B5}.Release|Any CPU.ActiveCfg = Release|Any CPU
		{DE9ABED8-52FF-45F8-B754-306A7C32F5B5}.Release|Any CPU.Build.0 = Release|Any CPU
		{73F0D388-A089-4C9D-8E3B-4098271E505D}.Debug|Any CPU.ActiveCfg = Debug|Any CPU
		{73F0D388-A089-4C9D-8E3B-4098271E505D}.Debug|Any CPU.Build.0 = Debug|Any CPU
		{73F0D388-A089-4C9D-8E3B-4098271E505D}.Release|Any CPU.ActiveCfg = Release|Any CPU
		{73F0D388-A089-4C9D-8E3B-4098271E505D}.Release|Any CPU.Build.0 = Release|Any CPU
		{A43F69B2-B28D-4186-9A50-5BCCA2DA1390}.Debug|Any CPU.ActiveCfg = Debug|Any CPU
		{A43F69B2-B28D-4186-9A50-5BCCA2DA1390}.Debug|Any CPU.Build.0 = Debug|Any CPU
		{A43F69B2-B28D-4186-9A50-5BCCA2DA1390}.Release|Any CPU.ActiveCfg = Release|Any CPU
		{A43F69B2-B28D-4186-9A50-5BCCA2DA1390}.Release|Any CPU.Build.0 = Release|Any CPU
		{87FA7D4B-8E8E-4F3C-B4B7-51FF6EE61E32}.Debug|Any CPU.ActiveCfg = Debug|Any CPU
		{87FA7D4B-8E8E-4F3C-B4B7-51FF6EE61E32}.Debug|Any CPU.Build.0 = Debug|Any CPU
		{87FA7D4B-8E8E-4F3C-B4B7-51FF6EE61E32}.Release|Any CPU.ActiveCfg = Release|Any CPU
		{87FA7D4B-8E8E-4F3C-B4B7-51FF6EE61E32}.Release|Any CPU.Build.0 = Release|Any CPU
		{C3DDE97A-9AB7-4469-8F59-3DBC5A518401}.Debug|Any CPU.ActiveCfg = Debug|Any CPU
		{C3DDE97A-9AB7-4469-8F59-3DBC5A518401}.Debug|Any CPU.Build.0 = Debug|Any CPU
		{C3DDE97A-9AB7-4469-8F59-3DBC5A518401}.Release|Any CPU.ActiveCfg = Release|Any CPU
		{C3DDE97A-9AB7-4469-8F59-3DBC5A518401}.Release|Any CPU.Build.0 = Release|Any CPU
		{00FF18B8-4357-4791-865E-2518039824CC}.Debug|Any CPU.ActiveCfg = Debug|Any CPU
		{00FF18B8-4357-4791-865E-2518039824CC}.Debug|Any CPU.Build.0 = Debug|Any CPU
		{00FF18B8-4357-4791-865E-2518039824CC}.Release|Any CPU.ActiveCfg = Release|Any CPU
		{00FF18B8-4357-4791-865E-2518039824CC}.Release|Any CPU.Build.0 = Release|Any CPU
		{FDD731D7-44E8-49C6-8AAB-5F8F6E5069FC}.Debug|Any CPU.ActiveCfg = Debug|Any CPU
		{FDD731D7-44E8-49C6-8AAB-5F8F6E5069FC}.Debug|Any CPU.Build.0 = Debug|Any CPU
		{FDD731D7-44E8-49C6-8AAB-5F8F6E5069FC}.Release|Any CPU.ActiveCfg = Release|Any CPU
		{FDD731D7-44E8-49C6-8AAB-5F8F6E5069FC}.Release|Any CPU.Build.0 = Release|Any CPU
		{800AC89B-1CAA-4253-93F9-2F3E7B1CDB93}.Debug|Any CPU.ActiveCfg = Debug|Any CPU
		{800AC89B-1CAA-4253-93F9-2F3E7B1CDB93}.Debug|Any CPU.Build.0 = Debug|Any CPU
		{800AC89B-1CAA-4253-93F9-2F3E7B1CDB93}.Release|Any CPU.ActiveCfg = Release|Any CPU
		{800AC89B-1CAA-4253-93F9-2F3E7B1CDB93}.Release|Any CPU.Build.0 = Release|Any CPU
	EndGlobalSection
	GlobalSection(SolutionProperties) = preSolution
		HideSolutionNode = FALSE
	EndGlobalSection
	GlobalSection(Performance) = preSolution
		HasPerformanceSessions = true
	EndGlobalSection
EndGlobal
